
Microsoft Visual Studio Solution File, Format Version 12.00
# Visual Studio Version 17
VisualStudioVersion = 17.2.32516.85
MinimumVisualStudioVersion = 10.0.40219.1
Project("{2150E333-8FDC-42A3-9474-1A3956D46DE8}") = "Lesson1", "Lesson1", "{30D04F8B-BECC-4153-96FF-402A1E152936}"
EndProject
Project("{9A19103F-16F7-4668-BE54-9A1E7A4F7556}") = "Enum", "Enum\Enum.csproj", "{C5B5A7F7-F533-417D-975F-5EEF5687EB1B}"
EndProject
Project("{9A19103F-16F7-4668-BE54-9A1E7A4F7556}") = "RefAndOut", "RefAndOut\RefAndOut.csproj", "{1FE02082-5951-497B-A396-4826958249A1}"
EndProject
Project("{9A19103F-16F7-4668-BE54-9A1E7A4F7556}") = "Structure", "Structure\Structure.csproj", "{8F3BC88D-1DC9-4B44-A8CA-F370E30A0063}"
EndProject
Project("{2150E333-8FDC-42A3-9474-1A3956D46DE8}") = "Lesson2", "Lesson2", "{1CE918E0-FB01-4FC6-AC05-F6BBAFA15D0B}"
EndProject
Project("{9A19103F-16F7-4668-BE54-9A1E7A4F7556}") = "Generics", "Generics\Generics.csproj", "{D73D5D71-6EB7-4F2D-820C-D4C8176524DF}"
EndProject
Project("{9A19103F-16F7-4668-BE54-9A1E7A4F7556}") = "BoxingAndUnboxing", "BoxingAndUnboxing\BoxingAndUnboxing.csproj", "{6B3EBE28-21F8-4199-B3B3-2A0D86DC3DD2}"
EndProject
Project("{2150E333-8FDC-42A3-9474-1A3956D46DE8}") = "Lesson3", "Lesson3", "{5043749D-4C26-4C51-B121-7DD530067FA0}"
EndProject
Project("{FAE04EC0-301F-11D3-BF4B-00C04F79EFBC}") = "TryCatch", "TryCatch\TryCatch.csproj", "{B0E0CD93-1277-439D-A884-1C053DCADD2D}"
EndProject
Project("{FAE04EC0-301F-11D3-BF4B-00C04F79EFBC}") = "Liblary", "Liblary\Liblary.csproj", "{38713434-AB14-45F3-B807-715E2D6D2177}"
EndProject
Global
	GlobalSection(SolutionConfigurationPlatforms) = preSolution
		Debug|Any CPU = Debug|Any CPU
		Release|Any CPU = Release|Any CPU
	EndGlobalSection
	GlobalSection(ProjectConfigurationPlatforms) = postSolution
		{C5B5A7F7-F533-417D-975F-5EEF5687EB1B}.Debug|Any CPU.ActiveCfg = Debug|Any CPU
		{C5B5A7F7-F533-417D-975F-5EEF5687EB1B}.Debug|Any CPU.Build.0 = Debug|Any CPU
		{C5B5A7F7-F533-417D-975F-5EEF5687EB1B}.Release|Any CPU.ActiveCfg = Release|Any CPU
		{C5B5A7F7-F533-417D-975F-5EEF5687EB1B}.Release|Any CPU.Build.0 = Release|Any CPU
		{1FE02082-5951-497B-A396-4826958249A1}.Debug|Any CPU.ActiveCfg = Debug|Any CPU
		{1FE02082-5951-497B-A396-4826958249A1}.Debug|Any CPU.Build.0 = Debug|Any CPU
		{1FE02082-5951-497B-A396-4826958249A1}.Release|Any CPU.ActiveCfg = Release|Any CPU
		{1FE02082-5951-497B-A396-4826958249A1}.Release|Any CPU.Build.0 = Release|Any CPU
		{8F3BC88D-1DC9-4B44-A8CA-F370E30A0063}.Debug|Any CPU.ActiveCfg = Debug|Any CPU
		{8F3BC88D-1DC9-4B44-A8CA-F370E30A0063}.Debug|Any CPU.Build.0 = Debug|Any CPU
		{8F3BC88D-1DC9-4B44-A8CA-F370E30A0063}.Release|Any CPU.ActiveCfg = Release|Any CPU
		{8F3BC88D-1DC9-4B44-A8CA-F370E30A0063}.Release|Any CPU.Build.0 = Release|Any CPU
		{D73D5D71-6EB7-4F2D-820C-D4C8176524DF}.Debug|Any CPU.ActiveCfg = Debug|Any CPU
		{D73D5D71-6EB7-4F2D-820C-D4C8176524DF}.Debug|Any CPU.Build.0 = Debug|Any CPU
		{D73D5D71-6EB7-4F2D-820C-D4C8176524DF}.Release|Any CPU.ActiveCfg = Release|Any CPU
		{D73D5D71-6EB7-4F2D-820C-D4C8176524DF}.Release|Any CPU.Build.0 = Release|Any CPU
		{6B3EBE28-21F8-4199-B3B3-2A0D86DC3DD2}.Debug|Any CPU.ActiveCfg = Debug|Any CPU
		{6B3EBE28-21F8-4199-B3B3-2A0D86DC3DD2}.Debug|Any CPU.Build.0 = Debug|Any CPU
		{6B3EBE28-21F8-4199-B3B3-2A0D86DC3DD2}.Release|Any CPU.ActiveCfg = Release|Any CPU
		{6B3EBE28-21F8-4199-B3B3-2A0D86DC3DD2}.Release|Any CPU.Build.0 = Release|Any CPU
		{B0E0CD93-1277-439D-A884-1C053DCADD2D}.Debug|Any CPU.ActiveCfg = Debug|Any CPU
		{B0E0CD93-1277-439D-A884-1C053DCADD2D}.Debug|Any CPU.Build.0 = Debug|Any CPU
		{B0E0CD93-1277-439D-A884-1C053DCADD2D}.Release|Any CPU.ActiveCfg = Release|Any CPU
		{B0E0CD93-1277-439D-A884-1C053DCADD2D}.Release|Any CPU.Build.0 = Release|Any CPU
		{38713434-AB14-45F3-B807-715E2D6D2177}.Debug|Any CPU.ActiveCfg = Debug|Any CPU
		{38713434-AB14-45F3-B807-715E2D6D2177}.Debug|Any CPU.Build.0 = Debug|Any CPU
		{38713434-AB14-45F3-B807-715E2D6D2177}.Release|Any CPU.ActiveCfg = Release|Any CPU
		{38713434-AB14-45F3-B807-715E2D6D2177}.Release|Any CPU.Build.0 = Release|Any CPU
	EndGlobalSection
	GlobalSection(SolutionProperties) = preSolution
		HideSolutionNode = FALSE
	EndGlobalSection
	GlobalSection(NestedProjects) = preSolution
		{C5B5A7F7-F533-417D-975F-5EEF5687EB1B} = {30D04F8B-BECC-4153-96FF-402A1E152936}
		{1FE02082-5951-497B-A396-4826958249A1} = {30D04F8B-BECC-4153-96FF-402A1E152936}
		{8F3BC88D-1DC9-4B44-A8CA-F370E30A0063} = {30D04F8B-BECC-4153-96FF-402A1E152936}
		{D73D5D71-6EB7-4F2D-820C-D4C8176524DF} = {1CE918E0-FB01-4FC6-AC05-F6BBAFA15D0B}
		{6B3EBE28-21F8-4199-B3B3-2A0D86DC3DD2} = {1CE918E0-FB01-4FC6-AC05-F6BBAFA15D0B}
		{B0E0CD93-1277-439D-A884-1C053DCADD2D} = {5043749D-4C26-4C51-B121-7DD530067FA0}
		{38713434-AB14-45F3-B807-715E2D6D2177} = {5043749D-4C26-4C51-B121-7DD530067FA0}
	EndGlobalSection
	GlobalSection(ExtensibilityGlobals) = postSolution
		SolutionGuid = {2D327407-882D-49FE-9CE9-EC5E325CBCCF}
	EndGlobalSection
EndGlobal
